
Microsoft Visual Studio Solution File, Format Version 12.00
# Visual Studio Version 17
VisualStudioVersion = 17.3.32825.248
MinimumVisualStudioVersion = 10.0.40219.1
Project("{FAE04EC0-301F-11D3-BF4B-00C04F79EFBC}") = "GameAiLaTrieuPhu", "GameAiLaTrieuPhu\GameAiLaTrieuPhu.csproj", "{29C8D048-A09C-4F87-9C8A-9C7F3A558C67}"
EndProject
Global
	GlobalSection(SolutionConfigurationPlatforms) = preSolution
		Debug|Any CPU = Debug|Any CPU
		Release|Any CPU = Release|Any CPU
	EndGlobalSection
	GlobalSection(ProjectConfigurationPlatforms) = postSolution
		{29C8D048-A09C-4F87-9C8A-9C7F3A558C67}.Debug|Any CPU.ActiveCfg = Debug|Any CPU
		{29C8D048-A09C-4F87-9C8A-9C7F3A558C67}.Debug|Any CPU.Build.0 = Debug|Any CPU
		{29C8D048-A09C-4F87-9C8A-9C7F3A558C67}.Release|Any CPU.ActiveCfg = Release|Any CPU
		{29C8D048-A09C-4F87-9C8A-9C7F3A558C67}.Release|Any CPU.Build.0 = Release|Any CPU
	EndGlobalSection
	GlobalSection(SolutionProperties) = preSolution
		HideSolutionNode = FALSE
	EndGlobalSection
	GlobalSection(ExtensibilityGlobals) = postSolution
		SolutionGuid = {B7D00958-AC90-47A1-A9EB-F5494CED09A4}
	EndGlobalSection
EndGlobal
